
Microsoft Visual Studio Solution File, Format Version 12.00
# Visual Studio Version 17
VisualStudioVersion = 17.3.32929.385
MinimumVisualStudioVersion = 10.0.40219.1
Project("{FAE04EC0-301F-11D3-BF4B-00C04F79EFBC}") = "NotMuchAppenin", "NotMuchAppenin\NotMuchAppenin.csproj", "{E7768716-3C36-489F-9169-2A7831984BEE}"
EndProject
Global
	GlobalSection(SolutionConfigurationPlatforms) = preSolution
		Debug|Any CPU = Debug|Any CPU
		Release|Any CPU = Release|Any CPU
	EndGlobalSection
	GlobalSection(ProjectConfigurationPlatforms) = postSolution
		{E7768716-3C36-489F-9169-2A7831984BEE}.Debug|Any CPU.ActiveCfg = Debug|Any CPU
		{E7768716-3C36-489F-9169-2A7831984BEE}.Debug|Any CPU.Build.0 = Debug|Any CPU
		{E7768716-3C36-489F-9169-2A7831984BEE}.Release|Any CPU.ActiveCfg = Release|Any CPU
		{E7768716-3C36-489F-9169-2A7831984BEE}.Release|Any CPU.Build.0 = Release|Any CPU
	EndGlobalSection
	GlobalSection(SolutionProperties) = preSolution
		HideSolutionNode = FALSE
	EndGlobalSection
	GlobalSection(ExtensibilityGlobals) = postSolution
		SolutionGuid = {52E06D4F-756A-4A4F-923B-A353EEEC8C42}
	EndGlobalSection
EndGlobal
